
Microsoft Visual Studio Solution File, Format Version 12.00
Project("{F2A71F9B-5D33-465A-A702-920D77279786}") = "hello3", "hello3.fsproj", "{DCC33416-8E07-41E3-BF47-BDBD215BD562}"
EndProject
Global
	GlobalSection(SolutionConfigurationPlatforms) = preSolution
		Debug|Any CPU = Debug|Any CPU
		Release|Any CPU = Release|Any CPU
	EndGlobalSection
	GlobalSection(ProjectConfigurationPlatforms) = postSolution
		{DCC33416-8E07-41E3-BF47-BDBD215BD562}.Debug|Any CPU.ActiveCfg = Debug|Any CPU
		{DCC33416-8E07-41E3-BF47-BDBD215BD562}.Debug|Any CPU.Build.0 = Debug|Any CPU
		{DCC33416-8E07-41E3-BF47-BDBD215BD562}.Release|Any CPU.ActiveCfg = Release|Any CPU
		{DCC33416-8E07-41E3-BF47-BDBD215BD562}.Release|Any CPU.Build.0 = Release|Any CPU
	EndGlobalSection
EndGlobal
